
Microsoft Visual Studio Solution File, Format Version 12.00
# Visual Studio Version 17
VisualStudioVersion = 17.0.31612.314
MinimumVisualStudioVersion = 10.0.40219.1
Project("{9A19103F-16F7-4668-BE54-9A1E7A4F7556}") = "BlazorSecurityDemo.Client", "BlazorSecurityDemo\Client\BlazorSecurityDemo.Client.csproj", "{F5F1275C-3990-4E00-BF74-CDA7F2826874}"
EndProject
Project("{9A19103F-16F7-4668-BE54-9A1E7A4F7556}") = "BlazorSecurityDemo.Server", "BlazorSecurityDemo\Server\BlazorSecurityDemo.Server.csproj", "{68372D50-6B19-4430-8D38-794933AEF173}"
EndProject
Project("{9A19103F-16F7-4668-BE54-9A1E7A4F7556}") = "BlazorSecurityDemo.Shared", "BlazorSecurityDemo\Shared\BlazorSecurityDemo.Shared.csproj", "{3DD05DA1-C137-4353-8C2C-EE655DEC9BAF}"
EndProject
Project("{FAE04EC0-301F-11D3-BF4B-00C04F79EFBC}") = "BlazorSecurityDemo.Data", "BlazorSecurityDemo.Data\BlazorSecurityDemo.Data.csproj", "{BBC5A04E-A683-4397-AC31-07AC3051C017}"
EndProject
Project("{FAE04EC0-301F-11D3-BF4B-00C04F79EFBC}") = "BlazorSecurityDemo.Repo", "BlazorSecurityDemo.Repo\BlazorSecurityDemo.Repo.csproj", "{43325D95-8078-4DB4-889C-C36CDE12E9D9}"
EndProject
Global
	GlobalSection(SolutionConfigurationPlatforms) = preSolution
		Debug|Any CPU = Debug|Any CPU
		Release|Any CPU = Release|Any CPU
	EndGlobalSection
	GlobalSection(ProjectConfigurationPlatforms) = postSolution
		{F5F1275C-3990-4E00-BF74-CDA7F2826874}.Debug|Any CPU.ActiveCfg = Debug|Any CPU
		{F5F1275C-3990-4E00-BF74-CDA7F2826874}.Debug|Any CPU.Build.0 = Debug|Any CPU
		{F5F1275C-3990-4E00-BF74-CDA7F2826874}.Release|Any CPU.ActiveCfg = Release|Any CPU
		{F5F1275C-3990-4E00-BF74-CDA7F2826874}.Release|Any CPU.Build.0 = Release|Any CPU
		{68372D50-6B19-4430-8D38-794933AEF173}.Debug|Any CPU.ActiveCfg = Debug|Any CPU
		{68372D50-6B19-4430-8D38-794933AEF173}.Debug|Any CPU.Build.0 = Debug|Any CPU
		{68372D50-6B19-4430-8D38-794933AEF173}.Release|Any CPU.ActiveCfg = Release|Any CPU
		{68372D50-6B19-4430-8D38-794933AEF173}.Release|Any CPU.Build.0 = Release|Any CPU
		{3DD05DA1-C137-4353-8C2C-EE655DEC9BAF}.Debug|Any CPU.ActiveCfg = Debug|Any CPU
		{3DD05DA1-C137-4353-8C2C-EE655DEC9BAF}.Debug|Any CPU.Build.0 = Debug|Any CPU
		{3DD05DA1-C137-4353-8C2C-EE655DEC9BAF}.Release|Any CPU.ActiveCfg = Release|Any CPU
		{3DD05DA1-C137-4353-8C2C-EE655DEC9BAF}.Release|Any CPU.Build.0 = Release|Any CPU
		{BBC5A04E-A683-4397-AC31-07AC3051C017}.Debug|Any CPU.ActiveCfg = Debug|Any CPU
		{BBC5A04E-A683-4397-AC31-07AC3051C017}.Debug|Any CPU.Build.0 = Debug|Any CPU
		{BBC5A04E-A683-4397-AC31-07AC3051C017}.Release|Any CPU.ActiveCfg = Release|Any CPU
		{BBC5A04E-A683-4397-AC31-07AC3051C017}.Release|Any CPU.Build.0 = Release|Any CPU
		{43325D95-8078-4DB4-889C-C36CDE12E9D9}.Debug|Any CPU.ActiveCfg = Debug|Any CPU
		{43325D95-8078-4DB4-889C-C36CDE12E9D9}.Debug|Any CPU.Build.0 = Debug|Any CPU
		{43325D95-8078-4DB4-889C-C36CDE12E9D9}.Release|Any CPU.ActiveCfg = Release|Any CPU
		{43325D95-8078-4DB4-889C-C36CDE12E9D9}.Release|Any CPU.Build.0 = Release|Any CPU
	EndGlobalSection
	GlobalSection(SolutionProperties) = preSolution
		HideSolutionNode = FALSE
	EndGlobalSection
	GlobalSection(ExtensibilityGlobals) = postSolution
		SolutionGuid = {01A31DB4-8E7B-4FC5-A05B-15C9A0379E1B}
	EndGlobalSection
EndGlobal
